
Microsoft Visual Studio Solution File, Format Version 12.00
# Visual Studio Version 16
VisualStudioVersion = 16.0.29911.98
MinimumVisualStudioVersion = 10.0.40219.1
Project("{FAE04EC0-301F-11D3-BF4B-00C04F79EFBC}") = "GeneticAlgorithms", "GeneticAlgorithms\GeneticAlgorithms.csproj", "{9B1B4F1F-2F6F-4A86-BF17-4221510BC446}"
EndProject
Global
	GlobalSection(SolutionConfigurationPlatforms) = preSolution
		Debug|Any CPU = Debug|Any CPU
		Release|Any CPU = Release|Any CPU
	EndGlobalSection
	GlobalSection(ProjectConfigurationPlatforms) = postSolution
		{9B1B4F1F-2F6F-4A86-BF17-4221510BC446}.Debug|Any CPU.ActiveCfg = Debug|Any CPU
		{9B1B4F1F-2F6F-4A86-BF17-4221510BC446}.Debug|Any CPU.Build.0 = Debug|Any CPU
		{9B1B4F1F-2F6F-4A86-BF17-4221510BC446}.Release|Any CPU.ActiveCfg = Release|Any CPU
		{9B1B4F1F-2F6F-4A86-BF17-4221510BC446}.Release|Any CPU.Build.0 = Release|Any CPU
	EndGlobalSection
	GlobalSection(SolutionProperties) = preSolution
		HideSolutionNode = FALSE
	EndGlobalSection
	GlobalSection(ExtensibilityGlobals) = postSolution
		SolutionGuid = {DB918786-BB01-4567-86F2-B780B981E22C}
	EndGlobalSection
EndGlobal
